
Microsoft Visual Studio Solution File, Format Version 12.00
# Visual Studio Version 17
VisualStudioVersion = 17.0.31903.59
MinimumVisualStudioVersion = 10.0.40219.1
Project("{FAE04EC0-301F-11D3-BF4B-00C04F79EFBC}") = "TTOptimizer.Web", "TTOptimizer.Web\TTOptimizer.Web.csproj", "{B0510D12-29E6-4A4E-BEA3-EBD527D37E5D}"
EndProject
Project("{8BC9CEB8-8B4A-11D0-8D11-00A0C91BC942}") = "TTOptimizer.Engine", "TTOptimizer.Engine\TTOptimizer.Engine.vcxproj", "{D6252F07-6611-4BE7-B841-A58959455315}"
EndProject
Project("{8BC9CEB8-8B4A-11D0-8D11-00A0C91BC942}") = "TTOptimizer.Console", "TTOptimizer.Console\TTOptimizer.Console.vcxproj", "{D0BDF2D9-56DC-4CC3-A3FE-48EE171297AE}"
EndProject
Global
	GlobalSection(SolutionConfigurationPlatforms) = preSolution
		Debug|Any CPU = Debug|Any CPU
		Debug|x64 = Debug|x64
		Debug|x86 = Debug|x86
		Release|Any CPU = Release|Any CPU
		Release|x64 = Release|x64
		Release|x86 = Release|x86
	EndGlobalSection
	GlobalSection(ProjectConfigurationPlatforms) = postSolution
		{B0510D12-29E6-4A4E-BEA3-EBD527D37E5D}.Debug|Any CPU.ActiveCfg = Debug|Any CPU
		{B0510D12-29E6-4A4E-BEA3-EBD527D37E5D}.Debug|Any CPU.Build.0 = Debug|Any CPU
		{B0510D12-29E6-4A4E-BEA3-EBD527D37E5D}.Debug|x64.ActiveCfg = Debug|Any CPU
		{B0510D12-29E6-4A4E-BEA3-EBD527D37E5D}.Debug|x64.Build.0 = Debug|Any CPU
		{B0510D12-29E6-4A4E-BEA3-EBD527D37E5D}.Debug|x86.ActiveCfg = Debug|Any CPU
		{B0510D12-29E6-4A4E-BEA3-EBD527D37E5D}.Debug|x86.Build.0 = Debug|Any CPU
		{B0510D12-29E6-4A4E-BEA3-EBD527D37E5D}.Release|Any CPU.ActiveCfg = Release|Any CPU
		{B0510D12-29E6-4A4E-BEA3-EBD527D37E5D}.Release|Any CPU.Build.0 = Release|Any CPU
		{B0510D12-29E6-4A4E-BEA3-EBD527D37E5D}.Release|x64.ActiveCfg = Release|Any CPU
		{B0510D12-29E6-4A4E-BEA3-EBD527D37E5D}.Release|x64.Build.0 = Release|Any CPU
		{B0510D12-29E6-4A4E-BEA3-EBD527D37E5D}.Release|x86.ActiveCfg = Release|Any CPU
		{B0510D12-29E6-4A4E-BEA3-EBD527D37E5D}.Release|x86.Build.0 = Release|Any CPU
		{D6252F07-6611-4BE7-B841-A58959455315}.Debug|Any CPU.ActiveCfg = Debug|x64
		{D6252F07-6611-4BE7-B841-A58959455315}.Debug|Any CPU.Build.0 = Debug|x64
		{D6252F07-6611-4BE7-B841-A58959455315}.Debug|x64.ActiveCfg = Debug|x64
		{D6252F07-6611-4BE7-B841-A58959455315}.Debug|x64.Build.0 = Debug|x64
		{D6252F07-6611-4BE7-B841-A58959455315}.Debug|x86.ActiveCfg = Debug|Win32
		{D6252F07-6611-4BE7-B841-A58959455315}.Debug|x86.Build.0 = Debug|Win32
		{D6252F07-6611-4BE7-B841-A58959455315}.Release|Any CPU.ActiveCfg = Release|x64
		{D6252F07-6611-4BE7-B841-A58959455315}.Release|Any CPU.Build.0 = Release|x64
		{D6252F07-6611-4BE7-B841-A58959455315}.Release|x64.ActiveCfg = Release|x64
		{D6252F07-6611-4BE7-B841-A58959455315}.Release|x64.Build.0 = Release|x64
		{D6252F07-6611-4BE7-B841-A58959455315}.Release|x86.ActiveCfg = Release|Win32
		{D6252F07-6611-4BE7-B841-A58959455315}.Release|x86.Build.0 = Release|Win32
		{D0BDF2D9-56DC-4CC3-A3FE-48EE171297AE}.Debug|Any CPU.ActiveCfg = Debug|x64
		{D0BDF2D9-56DC-4CC3-A3FE-48EE171297AE}.Debug|Any CPU.Build.0 = Debug|x64
		{D0BDF2D9-56DC-4CC3-A3FE-48EE171297AE}.Debug|x64.ActiveCfg = Debug|x64
		{D0BDF2D9-56DC-4CC3-A3FE-48EE171297AE}.Debug|x64.Build.0 = Debug|x64
		{D0BDF2D9-56DC-4CC3-A3FE-48EE171297AE}.Debug|x86.ActiveCfg = Debug|Win32
		{D0BDF2D9-56DC-4CC3-A3FE-48EE171297AE}.Debug|x86.Build.0 = Debug|Win32
		{D0BDF2D9-56DC-4CC3-A3FE-48EE171297AE}.Release|Any CPU.ActiveCfg = Release|x64
		{D0BDF2D9-56DC-4CC3-A3FE-48EE171297AE}.Release|Any CPU.Build.0 = Release|x64
		{D0BDF2D9-56DC-4CC3-A3FE-48EE171297AE}.Release|x64.ActiveCfg = Release|x64
		{D0BDF2D9-56DC-4CC3-A3FE-48EE171297AE}.Release|x64.Build.0 = Release|x64
		{D0BDF2D9-56DC-4CC3-A3FE-48EE171297AE}.Release|x86.ActiveCfg = Release|Win32
		{D0BDF2D9-56DC-4CC3-A3FE-48EE171297AE}.Release|x86.Build.0 = Release|Win32
	EndGlobalSection
	GlobalSection(SolutionProperties) = preSolution
		HideSolutionNode = FALSE
	EndGlobalSection
	GlobalSection(ExtensibilityGlobals) = postSolution
		SolutionGuid = {3E7381D4-9F40-4734-AE46-4D47F31203FB}
	EndGlobalSection
EndGlobal
