<?xml version="1.0" encoding="utf-8"?>
<Project ToolsVersion="4.0" xmlns="http://schemas.microsoft.com/developer/msbuild/2003">
  <ItemGroup>
    <Filter Include="Source Files">
      <UniqueIdentifier>{4FC737F1-C7A5-4376-A066-2A32D752A2FF}</UniqueIdentifier>
      <Extensions>cpp;c;cc;cxx;c++;cppm;ixx;def;odl;idl;hpj;bat;asm;asmx</Extensions>
    </Filter>
    <Filter Include="Header Files">
      <UniqueIdentifier>{93995380-89BD-4b04-88EB-625FBE52EBFB}</UniqueIdentifier>
      <Extensions>h;hh;hpp;hxx;h++;hm;inl;inc;ipp;xsd</Extensions>
    </Filter>
    <Filter Include="Resource Files">
      <UniqueIdentifier>{67DA6AB6-F800-4c08-8B7A-83BB121AAD01}</UniqueIdentifier>
      <Extensions>rc;ico;cur;bmp;dlg;rc2;rct;bin;rgs;gif;jpg;jpeg;jpe;resx;tiff;tif;png;wav;mfcribbon-ms</Extensions>
    </Filter>
    <Filter Include="External">
      <UniqueIdentifier>{242adbf3-bb05-4286-95c4-f40a6b0c92de}</UniqueIdentifier>
    </Filter>
    <Filter Include="External\nlohmann">
      <UniqueIdentifier>{91ac2eee-d615-4ec2-9bc7-512fdf7b6fd3}</UniqueIdentifier>
    </Filter>
    <Filter Include="Source Files\Evaluation">
      <UniqueIdentifier>{708d1d8f-5370-4d44-ac1d-c9b24aff59bf}</UniqueIdentifier>
    </Filter>
    <Filter Include="Source Files\Optimization">
      <UniqueIdentifier>{15ff33ac-142b-44c7-9f24-dd72d9707674}</UniqueIdentifier>
    </Filter>
    <Filter Include="Header Files\Domain">
      <UniqueIdentifier>{c1f45d5a-d943-4ceb-841e-8230d0cdd523}</UniqueIdentifier>
    </Filter>
    <Filter Include="Header Files\Evaluation">
      <UniqueIdentifier>{9d84ff2c-2b7d-4e71-ad14-db16ef25cbf6}</UniqueIdentifier>
    </Filter>
    <Filter Include="Header Files\Evaluation\Rules">
      <UniqueIdentifier>{3176370b-d87a-48b2-ab13-32fbf673e08d}</UniqueIdentifier>
    </Filter>
    <Filter Include="Header Files\Evaluation\Validation">
      <UniqueIdentifier>{e069d905-1beb-44ac-896b-b68d1189a5e3}</UniqueIdentifier>
    </Filter>
    <Filter Include="Header Files\Evaluation\Rules\Hard">
      <UniqueIdentifier>{2af20e72-9099-481f-8685-fbfc5f90c17e}</UniqueIdentifier>
    </Filter>
    <Filter Include="Header Files\Evaluation\Rules\Soft">
      <UniqueIdentifier>{60c2281d-43bc-46d2-8a2c-e1898dc20095}</UniqueIdentifier>
    </Filter>
    <Filter Include="Header Files\Optimization">
      <UniqueIdentifier>{eda9aff7-5669-47a4-872a-3ddf8dd3ff05}</UniqueIdentifier>
    </Filter>
    <Filter Include="Header Files\Preprocessing">
      <UniqueIdentifier>{76236432-be78-488d-9261-07360f5309be}</UniqueIdentifier>
    </Filter>
    <Filter Include="Header Files\Serialization">
      <UniqueIdentifier>{eb33a5c9-4f09-4a66-826e-4bc2346fa6ab}</UniqueIdentifier>
    </Filter>
    <Filter Include="Header Files\Engine">
      <UniqueIdentifier>{4b6ca19e-fa3d-42c9-8702-8a1674f6fc0a}</UniqueIdentifier>
    </Filter>
    <Filter Include="Header Files\Generators">
      <UniqueIdentifier>{0f499153-02b8-4198-801a-0f87bef03c98}</UniqueIdentifier>
    </Filter>
    <Filter Include="Header Files\Decoding">
      <UniqueIdentifier>{3c9f9604-84b8-4ef3-ae04-257fcbffa465}</UniqueIdentifier>
    </Filter>
    <Filter Include="Header Files\IO">
      <UniqueIdentifier>{6a26bbdc-af20-4d3d-ad3e-8848cc5e7df6}</UniqueIdentifier>
    </Filter>
  </ItemGroup>
  <ItemGroup>
    <ClCompile Include="src\Main.cpp">
      <Filter>Source Files</Filter>
    </ClCompile>
    <ClCompile Include="src\Evaluation\FitnessEvaluator.cpp">
      <Filter>Source Files\Evaluation</Filter>
    </ClCompile>
    <ClCompile Include="src\Optimization\GeneticOptimizer.cpp">
      <Filter>Source Files\Optimization</Filter>
    </ClCompile>
    <ClCompile Include="src\Optimization\ThreadPool.cpp">
      <Filter>Source Files\Optimization</Filter>
    </ClCompile>
    <ClCompile Include="src\Engine.cpp">
      <Filter>Source Files</Filter>
    </ClCompile>
  </ItemGroup>
  <ItemGroup>
    <ClInclude Include="External\nlohmann\json.hpp">
      <Filter>External\nlohmann</Filter>
    </ClInclude>
    <ClInclude Include="include\Domain\TimetableProblem.h">
      <Filter>Header Files\Domain</Filter>
    </ClInclude>
    <ClInclude Include="include\Domain\TimetableModels.h">
      <Filter>Header Files\Domain</Filter>
    </ClInclude>
    <ClInclude Include="include\Evaluation\FitnessEvaluator.h">
      <Filter>Header Files\Evaluation</Filter>
    </ClInclude>
    <ClInclude Include="include\Evaluation\FitnessScore.h">
      <Filter>Header Files\Evaluation</Filter>
    </ClInclude>
    <ClInclude Include="include\Evaluation\ConstraintViolation.h">
      <Filter>Header Files\Evaluation</Filter>
    </ClInclude>
    <ClInclude Include="include\Evaluation\Validation\ChromosomeValidator.h">
      <Filter>Header Files\Evaluation\Validation</Filter>
    </ClInclude>
    <ClInclude Include="include\Evaluation\Rules\Soft\RoomSubjectCompatibilityRule.h">
      <Filter>Header Files\Evaluation\Rules\Soft</Filter>
    </ClInclude>
    <ClInclude Include="include\Optimization\GeneticOptimizer.h">
      <Filter>Header Files\Optimization</Filter>
    </ClInclude>
    <ClInclude Include="include\Optimization\ChromosomeMutator.h">
      <Filter>Header Files\Optimization</Filter>
    </ClInclude>
    <ClInclude Include="include\Optimization\OptimizationProgress.h">
      <Filter>Header Files\Optimization</Filter>
    </ClInclude>
    <ClInclude Include="include\Preprocessing\PreprocessingModels.h">
      <Filter>Header Files\Preprocessing</Filter>
    </ClInclude>
    <ClInclude Include="include\Preprocessing\TimetablePreprocessor.h">
      <Filter>Header Files\Preprocessing</Filter>
    </ClInclude>
    <ClInclude Include="include\Preprocessing\StructuralProblemValidator.h">
      <Filter>Header Files\Preprocessing</Filter>
    </ClInclude>
    <ClInclude Include="include\Preprocessing\ReferenceIntegrityValidator.h">
      <Filter>Header Files\Preprocessing</Filter>
    </ClInclude>
    <ClInclude Include="include\Preprocessing\AvailabilityValidator.h">
      <Filter>Header Files\Preprocessing</Filter>
    </ClInclude>
    <ClInclude Include="include\Engine.h">
      <Filter>Header Files\Engine</Filter>
    </ClInclude>
    <ClInclude Include="include\Generators\LessonInstanceGenerator.h">
      <Filter>Header Files\Generators</Filter>
    </ClInclude>
    <ClInclude Include="include\Generators\ScheduleSlotGenerator.h">
      <Filter>Header Files\Generators</Filter>
    </ClInclude>
    <ClInclude Include="include\Generators\ChromosomeFactory.h">
      <Filter>Header Files\Generators</Filter>
    </ClInclude>
    <ClInclude Include="include\Evaluation\Rules\ConstraintRuleContext.h">
      <Filter>Header Files\Evaluation\Rules</Filter>
    </ClInclude>
    <ClInclude Include="include\Evaluation\Rules\ConstraintRuleRegistry.h">
      <Filter>Header Files\Evaluation\Rules</Filter>
    </ClInclude>
    <ClInclude Include="include\Evaluation\Rules\ConstraintRuleResult.h">
      <Filter>Header Files\Evaluation\Rules</Filter>
    </ClInclude>
    <ClInclude Include="include\Evaluation\Rules\IConstraintRule.h">
      <Filter>Header Files\Evaluation\Rules</Filter>
    </ClInclude>
    <ClInclude Include="include\IO\JsonReader.h">
      <Filter>Header Files\IO</Filter>
    </ClInclude>
    <ClInclude Include="include\IO\JsonWriter.h">
      <Filter>Header Files\IO</Filter>
    </ClInclude>
    <ClInclude Include="include\Decoding\ChromosomeDecoder.h">
      <Filter>Header Files\Decoding</Filter>
    </ClInclude>
    <ClInclude Include="include\Serialization\JsonWriter.h">
      <Filter>Header Files\Serialization</Filter>
    </ClInclude>
    <ClInclude Include="include\Serialization\JsonReader.h">
      <Filter>Header Files\Serialization</Filter>
    </ClInclude>
  </ItemGroup>
</Project>