<?xml version="1.0" encoding="utf-8"?>
<Project ToolsVersion="4.0" xmlns="http://schemas.microsoft.com/developer/msbuild/2003">
  <ItemGroup>
    <Filter Include="Source Files">
      <UniqueIdentifier>{4FC737F1-C7A5-4376-A066-2A32D752A2FF}</UniqueIdentifier>
      <Extensions>cpp;c;cc;cxx;c++;cppm;ixx;def;odl;idl;hpj;bat;asm;asmx</Extensions>
    </Filter>
    <Filter Include="Header Files">
      <UniqueIdentifier>{93995380-89BD-4b04-88EB-625FBE52EBFB}</UniqueIdentifier>
      <Extensions>h;hh;hpp;hxx;h++;hm;inl;inc;ipp;xsd</Extensions>
    </Filter>
    <Filter Include="Resource Files">
      <UniqueIdentifier>{67DA6AB6-F800-4c08-8B7A-83BB121AAD01}</UniqueIdentifier>
      <Extensions>rc;ico;cur;bmp;dlg;rc2;rct;bin;rgs;gif;jpg;jpeg;jpe;resx;tiff;tif;png;wav;mfcribbon-ms</Extensions>
    </Filter>
    <Filter Include="External">
      <UniqueIdentifier>{242adbf3-bb05-4286-95c4-f40a6b0c92de}</UniqueIdentifier>
    </Filter>
    <Filter Include="External\nlohmann">
      <UniqueIdentifier>{91ac2eee-d615-4ec2-9bc7-512fdf7b6fd3}</UniqueIdentifier>
    </Filter>
    <Filter Include="Header Files\Domain">
      <UniqueIdentifier>{1602095d-2cca-4b51-9707-aea60243df9f}</UniqueIdentifier>
    </Filter>
    <Filter Include="Header Files\Evaluation">
      <UniqueIdentifier>{be8bc995-caeb-4c2b-a92b-e01fd8aa4284}</UniqueIdentifier>
    </Filter>
    <Filter Include="Source Files\Evaluation">
      <UniqueIdentifier>{708d1d8f-5370-4d44-ac1d-c9b24aff59bf}</UniqueIdentifier>
    </Filter>
    <Filter Include="Header Files\Generators">
      <UniqueIdentifier>{18aa054a-100f-46f4-9116-bcd5b150495f}</UniqueIdentifier>
    </Filter>
    <Filter Include="Header Files\Optimization">
      <UniqueIdentifier>{a805843a-ca2a-4158-9c39-a0dfc0d3eb91}</UniqueIdentifier>
    </Filter>
    <Filter Include="Header Files\Output">
      <UniqueIdentifier>{23cdf03e-014c-471f-91f1-dd053c225c2c}</UniqueIdentifier>
    </Filter>
    <Filter Include="Header Files\Utils">
      <UniqueIdentifier>{0a53a66d-ba0e-4b51-9a45-4122d52bf0cd}</UniqueIdentifier>
    </Filter>
    <Filter Include="Header Files\TestData">
      <UniqueIdentifier>{1676306c-8bc3-4a8d-aa42-851ccfa025cb}</UniqueIdentifier>
    </Filter>
    <Filter Include="Source Files\Domain">
      <UniqueIdentifier>{61a7b125-798d-42ed-b8ea-73a4c3b335a8}</UniqueIdentifier>
    </Filter>
    <Filter Include="Source Files\Generators">
      <UniqueIdentifier>{567ed871-6008-4dea-9c15-e7c84f9a3e3d}</UniqueIdentifier>
    </Filter>
    <Filter Include="Source Files\Utils">
      <UniqueIdentifier>{56f0cf9e-8c56-4bcc-8b21-60d4d4adca3c}</UniqueIdentifier>
    </Filter>
    <Filter Include="Source Files\Optimization">
      <UniqueIdentifier>{15ff33ac-142b-44c7-9f24-dd72d9707674}</UniqueIdentifier>
    </Filter>
  </ItemGroup>
  <ItemGroup>
    <ClCompile Include="src\Utils\Utils.cpp">
      <Filter>Source Files\Utils</Filter>
    </ClCompile>
    <ClCompile Include="src\Evaluation\FitnessEvaluator.cpp">
      <Filter>Source Files\Evaluation</Filter>
    </ClCompile>
    <ClCompile Include="src\Optimization\ChromosomeMutator.cpp">
      <Filter>Source Files\Optimization</Filter>
    </ClCompile>
    <ClCompile Include="src\Optimization\SimpleOptimizer.cpp">
      <Filter>Source Files\Optimization</Filter>
    </ClCompile>
    <ClCompile Include="src\Engine.cpp">
      <Filter>Source Files</Filter>
    </ClCompile>
    <ClCompile Include="src\Main.cpp">
      <Filter>Source Files</Filter>
    </ClCompile>
  </ItemGroup>
  <ItemGroup>
    <ClInclude Include="External\nlohmann\json.hpp">
      <Filter>External\nlohmann</Filter>
    </ClInclude>
    <ClInclude Include="TimeTableModels.h">
      <Filter>Header Files\Domain</Filter>
    </ClInclude>
    <ClInclude Include="include\Evaluation\ChromosomeValidator.h">
      <Filter>Header Files\Evaluation</Filter>
    </ClInclude>
    <ClInclude Include="include\Evaluation\FitnessEvaluator.h">
      <Filter>Header Files\Evaluation</Filter>
    </ClInclude>
    <ClInclude Include="include\Generators\ChromosomeFactory.h">
      <Filter>Header Files\Generators</Filter>
    </ClInclude>
    <ClInclude Include="include\Generators\LessonInstanceGenerator.h">
      <Filter>Header Files\Generators</Filter>
    </ClInclude>
    <ClInclude Include="include\Generators\ScheduleSlotGenerator.h">
      <Filter>Header Files\Generators</Filter>
    </ClInclude>
    <ClInclude Include="ChromosomeFactory.h">
      <Filter>Header Files\Generators</Filter>
    </ClInclude>
    <ClInclude Include="include\Utils\Utils.h">
      <Filter>Header Files\Utils</Filter>
    </ClInclude>
    <ClInclude Include="include\Optimization\ChromosomeMutator.h">
      <Filter>Header Files\Optimization</Filter>
    </ClInclude>
    <ClInclude Include="include\Optimization\SimpleOptimizer.h">
      <Filter>Header Files\Optimization</Filter>
    </ClInclude>
    <ClInclude Include="include\Engine.h">
      <Filter>Header Files</Filter>
    </ClInclude>
    <ClInclude Include="TimetableProblemJsonReader.h">
      <Filter>Header Files</Filter>
    </ClInclude>
    <ClInclude Include="ChromosomeDecoder.h">
      <Filter>Header Files</Filter>
    </ClInclude>
    <ClInclude Include="include\ScheduledLessonResultJsonWriter.h">
      <Filter>Header Files\Output</Filter>
    </ClInclude>
  </ItemGroup>
</Project>